<?xml version="1.0" encoding="utf-8"?>
<Project ToolsVersion="4.0" xmlns="http://schemas.microsoft.com/developer/msbuild/2003">
  <ItemGroup>
    <Filter Include="math">
      <UniqueIdentifier>{93995380-89BD-4b04-88EB-625FBE52EBFB}</UniqueIdentifier>
      <Extensions>h;hh;hpp;hxx;hm;inl;inc;ipp;xsd</Extensions>
    </Filter>
    <Filter Include="graphics">
      <UniqueIdentifier>{4FC737F1-C7A5-4376-A066-2A32D752A2FF}</UniqueIdentifier>
      <Extensions>cpp;c;cc;cxx;def;odl;idl;hpj;bat;asm;asmx</Extensions>
    </Filter>
    <Filter Include="stream">
      <UniqueIdentifier>{67DA6AB6-F800-4c08-8B7A-83BB121AAD01}</UniqueIdentifier>
      <Extensions>rc;ico;cur;bmp;dlg;rc2;rct;bin;rgs;gif;jpg;jpeg;jpe;resx;tiff;tif;png;wav;mfcribbon-ms</Extensions>
    </Filter>
    <Filter Include="src">
      <UniqueIdentifier>{b1a4448e-54fd-4405-aadb-477921ca28dd}</UniqueIdentifier>
    </Filter>
    <Filter Include="windows">
      <UniqueIdentifier>{b88e5a28-6c26-4e92-81f3-553df8616189}</UniqueIdentifier>
    </Filter>
  </ItemGroup>
  <ItemGroup>
    <ClInclude Include="..\Color.h">
      <Filter>graphics</Filter>
    </ClInclude>
    <ClInclude Include="..\Vector.h">
      <Filter>math</Filter>
    </ClInclude>
    <ClInclude Include="..\Device.h">
      <Filter>windows</Filter>
    </ClInclude>
    <ClInclude Include="..\DrawBoard.h">
      <Filter>windows</Filter>
    </ClInclude>
    <ClInclude Include="..\Camera.h">
      <Filter>graphics</Filter>
    </ClInclude>
    <ClInclude Include="..\sphere.h">
      <Filter>graphics</Filter>
    </ClInclude>
  </ItemGroup>
  <ItemGroup>
    <ClCompile Include="..\raytracing.cpp">
      <Filter>src</Filter>
    </ClCompile>
    <ClCompile Include="..\Device.cpp">
      <Filter>windows</Filter>
    </ClCompile>
    <ClCompile Include="..\DrawBoard.cpp">
      <Filter>windows</Filter>
    </ClCompile>
  </ItemGroup>
</Project>